// !$*UTF8*$!
{
	archiveVersion = 1;
	classes = {
	};
	objectVersion = 56;
	objects = {

/* Begin PBXBuildFile section */
		1B0147BB2C7DF11A0056A19E /* FirebaseDatabase in Frameworks */ = {isa = PBXBuildFile; productRef = 1B0147BA2C7DF11A0056A19E /* FirebaseDatabase */; };
		1B0147BD2C84B69C0056A19E /* Codable+Extension.swift in Sources */ = {isa = PBXBuildFile; fileRef = 1B0147BC2C84B69C0056A19E /* Codable+Extension.swift */; };
		1B36D3742C773C7100BD78E9 /* GoogleService-Info.plist in Resources */ = {isa = PBXBuildFile; fileRef = 1B36D3732C773C7000BD78E9 /* GoogleService-Info.plist */; };
		1B36D3772C773D0F00BD78E9 /* FirebaseAnalytics in Frameworks */ = {isa = PBXBuildFile; productRef = 1B36D3762C773D0F00BD78E9 /* FirebaseAnalytics */; };
		1B36D37A2C77476B00BD78E9 /* FirebaseAuth in Frameworks */ = {isa = PBXBuildFile; productRef = 1B36D3792C77476B00BD78E9 /* FirebaseAuth */; };
		1B36D37D2C7749E500BD78E9 /* SignInViewController.xib in Resources */ = {isa = PBXBuildFile; fileRef = 1B36D37C2C7749E500BD78E9 /* SignInViewController.xib */; };
		1B36D37F2C774A1100BD78E9 /* SignInViewController.swift in Sources */ = {isa = PBXBuildFile; fileRef = 1B36D37E2C774A1100BD78E9 /* SignInViewController.swift */; };
		1B570E502C8A49690098D872 /* GameProcessModels.swift in Sources */ = {isa = PBXBuildFile; fileRef = 1B570E4F2C8A49690098D872 /* GameProcessModels.swift */; };
		1B570E522C8DD0F10098D872 /* UIView+Extensions.swift in Sources */ = {isa = PBXBuildFile; fileRef = 1B570E512C8DD0F00098D872 /* UIView+Extensions.swift */; };
		1B5FEBE12B264A1C00BBB1C3 /* Assets.xcassets in Resources */ = {isa = PBXBuildFile; fileRef = 1B5FEBD82B264A1C00BBB1C3 /* Assets.xcassets */; };
		1B5FEBE22B264A1C00BBB1C3 /* LaunchScreen.storyboard in Resources */ = {isa = PBXBuildFile; fileRef = 1B5FEBD92B264A1C00BBB1C3 /* LaunchScreen.storyboard */; };
		1B5FEBE32B264A1C00BBB1C3 /* AppDelegate.swift in Sources */ = {isa = PBXBuildFile; fileRef = 1B5FEBDB2B264A1C00BBB1C3 /* AppDelegate.swift */; };
		1B5FEBE52B264A1C00BBB1C3 /* MainViewController.xib in Resources */ = {isa = PBXBuildFile; fileRef = 1B5FEBDF2B264A1C00BBB1C3 /* MainViewController.xib */; };
		1B5FEBE62B264A1C00BBB1C3 /* MainViewController.swift in Sources */ = {isa = PBXBuildFile; fileRef = 1B5FEBE02B264A1C00BBB1C3 /* MainViewController.swift */; };
		1B5FEBEA2B264D2200BBB1C3 /* EditShipsViewController.swift in Sources */ = {isa = PBXBuildFile; fileRef = 1B5FEBE82B264D2200BBB1C3 /* EditShipsViewController.swift */; };
		1B5FEBEB2B264D2200BBB1C3 /* EditShipsViewController.xib in Resources */ = {isa = PBXBuildFile; fileRef = 1B5FEBE92B264D2200BBB1C3 /* EditShipsViewController.xib */; };
		1B5FEBEF2B266F5600BBB1C3 /* GameViewController.swift in Sources */ = {isa = PBXBuildFile; fileRef = 1B5FEBED2B266F5600BBB1C3 /* GameViewController.swift */; };
		1B5FEBF02B266F5600BBB1C3 /* GameViewController.xib in Resources */ = {isa = PBXBuildFile; fileRef = 1B5FEBEE2B266F5600BBB1C3 /* GameViewController.xib */; };
		1B69DB9E2C7A142700BC99AA /* SignUpViewController.swift in Sources */ = {isa = PBXBuildFile; fileRef = 1B69DB9B2C7A142700BC99AA /* SignUpViewController.swift */; };
		1B69DB9F2C7A142700BC99AA /* SignUpViewController.xib in Resources */ = {isa = PBXBuildFile; fileRef = 1B69DB9C2C7A142700BC99AA /* SignUpViewController.xib */; };
		1B69DBA42C7B311700BC99AA /* ErrorService.swift in Sources */ = {isa = PBXBuildFile; fileRef = 1B69DBA32C7B311700BC99AA /* ErrorService.swift */; };
		1B7A91362B277EFB004C2EA5 /* EditShipsView.swift in Sources */ = {isa = PBXBuildFile; fileRef = 1B7A91352B277EFB004C2EA5 /* EditShipsView.swift */; };
		1B7A91382B2786AC004C2EA5 /* Colours.xcassets in Resources */ = {isa = PBXBuildFile; fileRef = 1B7A91372B2786AC004C2EA5 /* Colours.xcassets */; };
		1B7A913B2B278A6C004C2EA5 /* PolygonCell.swift in Sources */ = {isa = PBXBuildFile; fileRef = 1B7A91392B278A6C004C2EA5 /* PolygonCell.swift */; };
		1B7A913E2B278B28004C2EA5 /* CellModel.swift in Sources */ = {isa = PBXBuildFile; fileRef = 1B7A913D2B278B28004C2EA5 /* CellModel.swift */; };
		1B7A91402B278DD7004C2EA5 /* ShipsBuilder.swift in Sources */ = {isa = PBXBuildFile; fileRef = 1B7A913F2B278DD7004C2EA5 /* ShipsBuilder.swift */; };
		1B7A91422B278DFE004C2EA5 /* BoardGenerator.swift in Sources */ = {isa = PBXBuildFile; fileRef = 1B7A91412B278DFE004C2EA5 /* BoardGenerator.swift */; };
		1B7A914B2B278E5C004C2EA5 /* Optional+Extension.swift in Sources */ = {isa = PBXBuildFile; fileRef = 1B7A91452B278E5C004C2EA5 /* Optional+Extension.swift */; };
		1B7A914C2B278E5C004C2EA5 /* Alert+Extension.swift in Sources */ = {isa = PBXBuildFile; fileRef = 1B7A91462B278E5C004C2EA5 /* Alert+Extension.swift */; };
		1B7A914E2B278E5C004C2EA5 /* IndexPath+Extension.swift in Sources */ = {isa = PBXBuildFile; fileRef = 1B7A91482B278E5C004C2EA5 /* IndexPath+Extension.swift */; };
		1B7A914F2B278E5C004C2EA5 /* Array+Extension.swift in Sources */ = {isa = PBXBuildFile; fileRef = 1B7A91492B278E5C004C2EA5 /* Array+Extension.swift */; };
		1B7A91512B279650004C2EA5 /* SafeZoneBuilder.swift in Sources */ = {isa = PBXBuildFile; fileRef = 1B7A91502B279650004C2EA5 /* SafeZoneBuilder.swift */; };
		1B9CC77A2B2A161C00BF90B3 /* PolygonCell.xib in Resources */ = {isa = PBXBuildFile; fileRef = 1B9CC7792B2A161C00BF90B3 /* PolygonCell.xib */; };
		1B9CC77C2B2A370900BF90B3 /* GameView.swift in Sources */ = {isa = PBXBuildFile; fileRef = 1B9CC77B2B2A370900BF90B3 /* GameView.swift */; };
/* End PBXBuildFile section */

/* Begin PBXFileReference section */
		1B0147BC2C84B69C0056A19E /* Codable+Extension.swift */ = {isa = PBXFileReference; lastKnownFileType = sourcecode.swift; path = "Codable+Extension.swift"; sourceTree = "<group>"; };
		1B36D3732C773C7000BD78E9 /* GoogleService-Info.plist */ = {isa = PBXFileReference; fileEncoding = 4; lastKnownFileType = text.plist.xml; path = "GoogleService-Info.plist"; sourceTree = "<group>"; };
		1B36D37C2C7749E500BD78E9 /* SignInViewController.xib */ = {isa = PBXFileReference; lastKnownFileType = file.xib; path = SignInViewController.xib; sourceTree = "<group>"; };
		1B36D37E2C774A1100BD78E9 /* SignInViewController.swift */ = {isa = PBXFileReference; lastKnownFileType = sourcecode.swift; path = SignInViewController.swift; sourceTree = "<group>"; };
		1B570E4F2C8A49690098D872 /* GameProcessModels.swift */ = {isa = PBXFileReference; lastKnownFileType = sourcecode.swift; path = GameProcessModels.swift; sourceTree = "<group>"; };
		1B570E512C8DD0F00098D872 /* UIView+Extensions.swift */ = {isa = PBXFileReference; lastKnownFileType = sourcecode.swift; path = "UIView+Extensions.swift"; sourceTree = "<group>"; };
		1B5FEBC02B26497E00BBB1C3 /* Seaships Battle.app */ = {isa = PBXFileReference; explicitFileType = wrapper.application; includeInIndex = 0; path = "Seaships Battle.app"; sourceTree = BUILT_PRODUCTS_DIR; };
		1B5FEBD82B264A1C00BBB1C3 /* Assets.xcassets */ = {isa = PBXFileReference; lastKnownFileType = folder.assetcatalog; path = Assets.xcassets; sourceTree = "<group>"; };
		1B5FEBDA2B264A1C00BBB1C3 /* Base */ = {isa = PBXFileReference; lastKnownFileType = file.storyboard; name = Base; path = Base.lproj/LaunchScreen.storyboard; sourceTree = "<group>"; };
		1B5FEBDB2B264A1C00BBB1C3 /* AppDelegate.swift */ = {isa = PBXFileReference; fileEncoding = 4; lastKnownFileType = sourcecode.swift; path = AppDelegate.swift; sourceTree = "<group>"; };
		1B5FEBDC2B264A1C00BBB1C3 /* Info.plist */ = {isa = PBXFileReference; fileEncoding = 4; lastKnownFileType = text.plist.xml; path = Info.plist; sourceTree = "<group>"; };
		1B5FEBDF2B264A1C00BBB1C3 /* MainViewController.xib */ = {isa = PBXFileReference; fileEncoding = 4; lastKnownFileType = file.xib; path = MainViewController.xib; sourceTree = "<group>"; };
		1B5FEBE02B264A1C00BBB1C3 /* MainViewController.swift */ = {isa = PBXFileReference; fileEncoding = 4; lastKnownFileType = sourcecode.swift; path = MainViewController.swift; sourceTree = "<group>"; };
		1B5FEBE82B264D2200BBB1C3 /* EditShipsViewController.swift */ = {isa = PBXFileReference; lastKnownFileType = sourcecode.swift; path = EditShipsViewController.swift; sourceTree = "<group>"; };
		1B5FEBE92B264D2200BBB1C3 /* EditShipsViewController.xib */ = {isa = PBXFileReference; lastKnownFileType = file.xib; path = EditShipsViewController.xib; sourceTree = "<group>"; };
		1B5FEBED2B266F5600BBB1C3 /* GameViewController.swift */ = {isa = PBXFileReference; lastKnownFileType = sourcecode.swift; path = GameViewController.swift; sourceTree = "<group>"; };
		1B5FEBEE2B266F5600BBB1C3 /* GameViewController.xib */ = {isa = PBXFileReference; lastKnownFileType = file.xib; path = GameViewController.xib; sourceTree = "<group>"; };
		1B69DB9B2C7A142700BC99AA /* SignUpViewController.swift */ = {isa = PBXFileReference; fileEncoding = 4; lastKnownFileType = sourcecode.swift; path = SignUpViewController.swift; sourceTree = "<group>"; };
		1B69DB9C2C7A142700BC99AA /* SignUpViewController.xib */ = {isa = PBXFileReference; fileEncoding = 4; lastKnownFileType = file.xib; path = SignUpViewController.xib; sourceTree = "<group>"; };
		1B69DBA32C7B311700BC99AA /* ErrorService.swift */ = {isa = PBXFileReference; lastKnownFileType = sourcecode.swift; path = ErrorService.swift; sourceTree = "<group>"; };
		1B7A91352B277EFB004C2EA5 /* EditShipsView.swift */ = {isa = PBXFileReference; lastKnownFileType = sourcecode.swift; path = EditShipsView.swift; sourceTree = "<group>"; };
		1B7A91372B2786AC004C2EA5 /* Colours.xcassets */ = {isa = PBXFileReference; lastKnownFileType = folder.assetcatalog; path = Colours.xcassets; sourceTree = "<group>"; };
		1B7A91392B278A6C004C2EA5 /* PolygonCell.swift */ = {isa = PBXFileReference; lastKnownFileType = sourcecode.swift; path = PolygonCell.swift; sourceTree = "<group>"; };
		1B7A913D2B278B28004C2EA5 /* CellModel.swift */ = {isa = PBXFileReference; lastKnownFileType = sourcecode.swift; path = CellModel.swift; sourceTree = "<group>"; };
		1B7A913F2B278DD7004C2EA5 /* ShipsBuilder.swift */ = {isa = PBXFileReference; fileEncoding = 4; lastKnownFileType = sourcecode.swift; path = ShipsBuilder.swift; sourceTree = "<group>"; };
		1B7A91412B278DFE004C2EA5 /* BoardGenerator.swift */ = {isa = PBXFileReference; fileEncoding = 4; lastKnownFileType = sourcecode.swift; path = BoardGenerator.swift; sourceTree = "<group>"; };
		1B7A91452B278E5C004C2EA5 /* Optional+Extension.swift */ = {isa = PBXFileReference; fileEncoding = 4; lastKnownFileType = sourcecode.swift; path = "Optional+Extension.swift"; sourceTree = "<group>"; };
		1B7A91462B278E5C004C2EA5 /* Alert+Extension.swift */ = {isa = PBXFileReference; fileEncoding = 4; lastKnownFileType = sourcecode.swift; path = "Alert+Extension.swift"; sourceTree = "<group>"; };
		1B7A91482B278E5C004C2EA5 /* IndexPath+Extension.swift */ = {isa = PBXFileReference; fileEncoding = 4; lastKnownFileType = sourcecode.swift; path = "IndexPath+Extension.swift"; sourceTree = "<group>"; };
		1B7A91492B278E5C004C2EA5 /* Array+Extension.swift */ = {isa = PBXFileReference; fileEncoding = 4; lastKnownFileType = sourcecode.swift; path = "Array+Extension.swift"; sourceTree = "<group>"; };
		1B7A91502B279650004C2EA5 /* SafeZoneBuilder.swift */ = {isa = PBXFileReference; fileEncoding = 4; lastKnownFileType = sourcecode.swift; path = SafeZoneBuilder.swift; sourceTree = "<group>"; };
		1B9CC7792B2A161C00BF90B3 /* PolygonCell.xib */ = {isa = PBXFileReference; lastKnownFileType = file.xib; path = PolygonCell.xib; sourceTree = "<group>"; };
		1B9CC77B2B2A370900BF90B3 /* GameView.swift */ = {isa = PBXFileReference; lastKnownFileType = sourcecode.swift; path = GameView.swift; sourceTree = "<group>"; };
/* End PBXFileReference section */

/* Begin PBXFrameworksBuildPhase section */
		1B5FEBBD2B26497E00BBB1C3 /* Frameworks */ = {
			isa = PBXFrameworksBuildPhase;
			buildActionMask = 2147483647;
			files = (
				1B0147BB2C7DF11A0056A19E /* FirebaseDatabase in Frameworks */,
				1B36D3772C773D0F00BD78E9 /* FirebaseAnalytics in Frameworks */,
				1B36D37A2C77476B00BD78E9 /* FirebaseAuth in Frameworks */,
			);
			runOnlyForDeploymentPostprocessing = 0;
		};
/* End PBXFrameworksBuildPhase section */

/* Begin PBXGroup section */
		1B36D3782C77476B00BD78E9 /* Frameworks */ = {
			isa = PBXGroup;
			children = (
			);
			name = Frameworks;
			sourceTree = "<group>";
		};
		1B36D37B2C7748E400BD78E9 /* SignViewController */ = {
			isa = PBXGroup;
			children = (
				1B36D37C2C7749E500BD78E9 /* SignInViewController.xib */,
				1B36D37E2C774A1100BD78E9 /* SignInViewController.swift */,
			);
			path = SignViewController;
			sourceTree = "<group>";
		};
		1B570E4E2C8A49310098D872 /* Models */ = {
			isa = PBXGroup;
			children = (
				1B570E4F2C8A49690098D872 /* GameProcessModels.swift */,
			);
			path = Models;
			sourceTree = "<group>";
		};
		1B5FEBB72B26497E00BBB1C3 = {
			isa = PBXGroup;
			children = (
				1B5FEBD72B264A1C00BBB1C3 /* Seaships Battle */,
				1B5FEBDD2B264A1C00BBB1C3 /* Source */,
				1B5FEBC12B26497E00BBB1C3 /* Products */,
				1B36D3782C77476B00BD78E9 /* Frameworks */,
			);
			sourceTree = "<group>";
		};
		1B5FEBC12B26497E00BBB1C3 /* Products */ = {
			isa = PBXGroup;
			children = (
				1B5FEBC02B26497E00BBB1C3 /* Seaships Battle.app */,
			);
			name = Products;
			sourceTree = "<group>";
		};
		1B5FEBD72B264A1C00BBB1C3 /* Seaships Battle */ = {
			isa = PBXGroup;
			children = (
				1B5FEBD82B264A1C00BBB1C3 /* Assets.xcassets */,
				1B5FEBD92B264A1C00BBB1C3 /* LaunchScreen.storyboard */,
				1B5FEBDB2B264A1C00BBB1C3 /* AppDelegate.swift */,
				1B36D3732C773C7000BD78E9 /* GoogleService-Info.plist */,
				1B5FEBDC2B264A1C00BBB1C3 /* Info.plist */,
				1B7A91372B2786AC004C2EA5 /* Colours.xcassets */,
			);
			path = "Seaships Battle";
			sourceTree = "<group>";
		};
		1B5FEBDD2B264A1C00BBB1C3 /* Source */ = {
			isa = PBXGroup;
			children = (
				1B570E4E2C8A49310098D872 /* Models */,
				1B69DBA22C7B30FB00BC99AA /* Services */,
				1B7A91432B278E5C004C2EA5 /* Libs */,
				1B5FEBEC2B266F2C00BBB1C3 /* GameViewController */,
				1B5FEBE72B264CE500BBB1C3 /* EditShipsViewController */,
				1B36D37B2C7748E400BD78E9 /* SignViewController */,
				1B69DB9D2C7A142700BC99AA /* SignUpViewController */,
				1B5FEBDE2B264A1C00BBB1C3 /* MainViewController */,
			);
			path = Source;
			sourceTree = "<group>";
		};
		1B5FEBDE2B264A1C00BBB1C3 /* MainViewController */ = {
			isa = PBXGroup;
			children = (
				1B5FEBDF2B264A1C00BBB1C3 /* MainViewController.xib */,
				1B5FEBE02B264A1C00BBB1C3 /* MainViewController.swift */,
			);
			path = MainViewController;
			sourceTree = "<group>";
		};
		1B5FEBE72B264CE500BBB1C3 /* EditShipsViewController */ = {
			isa = PBXGroup;
			children = (
				1B7A91502B279650004C2EA5 /* SafeZoneBuilder.swift */,
				1B7A91412B278DFE004C2EA5 /* BoardGenerator.swift */,
				1B7A913F2B278DD7004C2EA5 /* ShipsBuilder.swift */,
				1B5FEBE82B264D2200BBB1C3 /* EditShipsViewController.swift */,
				1B7A91352B277EFB004C2EA5 /* EditShipsView.swift */,
				1B5FEBE92B264D2200BBB1C3 /* EditShipsViewController.xib */,
				1B7A91392B278A6C004C2EA5 /* PolygonCell.swift */,
				1B9CC7792B2A161C00BF90B3 /* PolygonCell.xib */,
				1B7A913D2B278B28004C2EA5 /* CellModel.swift */,
			);
			path = EditShipsViewController;
			sourceTree = "<group>";
		};
		1B5FEBEC2B266F2C00BBB1C3 /* GameViewController */ = {
			isa = PBXGroup;
			children = (
				1B5FEBED2B266F5600BBB1C3 /* GameViewController.swift */,
				1B5FEBEE2B266F5600BBB1C3 /* GameViewController.xib */,
				1B9CC77B2B2A370900BF90B3 /* GameView.swift */,
			);
			path = GameViewController;
			sourceTree = "<group>";
		};
		1B69DB9D2C7A142700BC99AA /* SignUpViewController */ = {
			isa = PBXGroup;
			children = (
				1B69DB9C2C7A142700BC99AA /* SignUpViewController.xib */,
				1B69DB9B2C7A142700BC99AA /* SignUpViewController.swift */,
			);
			path = SignUpViewController;
			sourceTree = "<group>";
		};
		1B69DBA22C7B30FB00BC99AA /* Services */ = {
			isa = PBXGroup;
			children = (
				1B69DBA32C7B311700BC99AA /* ErrorService.swift */,
			);
			path = Services;
			sourceTree = "<group>";
		};
		1B7A91432B278E5C004C2EA5 /* Libs */ = {
			isa = PBXGroup;
			children = (
				1B7A91452B278E5C004C2EA5 /* Optional+Extension.swift */,
				1B570E512C8DD0F00098D872 /* UIView+Extensions.swift */,
				1B7A91462B278E5C004C2EA5 /* Alert+Extension.swift */,
				1B0147BC2C84B69C0056A19E /* Codable+Extension.swift */,
				1B7A91482B278E5C004C2EA5 /* IndexPath+Extension.swift */,
				1B7A91492B278E5C004C2EA5 /* Array+Extension.swift */,
			);
			path = Libs;
			sourceTree = "<group>";
		};
/* End PBXGroup section */

/* Begin PBXNativeTarget section */
		1B5FEBBF2B26497E00BBB1C3 /* Seaships Battle */ = {
			isa = PBXNativeTarget;
			buildConfigurationList = 1B5FEBD42B26498100BBB1C3 /* Build configuration list for PBXNativeTarget "Seaships Battle" */;
			buildPhases = (
				1B5FEBBC2B26497E00BBB1C3 /* Sources */,
				1B5FEBBD2B26497E00BBB1C3 /* Frameworks */,
				1B5FEBBE2B26497E00BBB1C3 /* Resources */,
			);
			buildRules = (
			);
			dependencies = (
			);
			name = "Seaships Battle";
			packageProductDependencies = (
				1B36D3762C773D0F00BD78E9 /* FirebaseAnalytics */,
				1B36D3792C77476B00BD78E9 /* FirebaseAuth */,
				1B0147BA2C7DF11A0056A19E /* FirebaseDatabase */,
			);
			productName = "Seaships Battle";
			productReference = 1B5FEBC02B26497E00BBB1C3 /* Seaships Battle.app */;
			productType = "com.apple.product-type.application";
		};
/* End PBXNativeTarget section */

/* Begin PBXProject section */
		1B5FEBB82B26497E00BBB1C3 /* Project object */ = {
			isa = PBXProject;
			attributes = {
				BuildIndependentTargetsInParallel = 1;
				LastSwiftUpdateCheck = 1500;
				LastUpgradeCheck = 1500;
				TargetAttributes = {
					1B5FEBBF2B26497E00BBB1C3 = {
						CreatedOnToolsVersion = 15.0.1;
					};
				};
			};
			buildConfigurationList = 1B5FEBBB2B26497E00BBB1C3 /* Build configuration list for PBXProject "Seaships Battle" */;
			compatibilityVersion = "Xcode 14.0";
			developmentRegion = en;
			hasScannedForEncodings = 0;
			knownRegions = (
				en,
				Base,
			);
			mainGroup = 1B5FEBB72B26497E00BBB1C3;
			packageReferences = (
				1B36D3752C773D0F00BD78E9 /* XCRemoteSwiftPackageReference "firebase-ios-sdk" */,
			);
			productRefGroup = 1B5FEBC12B26497E00BBB1C3 /* Products */;
			projectDirPath = "";
			projectRoot = "";
			targets = (
				1B5FEBBF2B26497E00BBB1C3 /* Seaships Battle */,
			);
		};
/* End PBXProject section */

/* Begin PBXResourcesBuildPhase section */
		1B5FEBBE2B26497E00BBB1C3 /* Resources */ = {
			isa = PBXResourcesBuildPhase;
			buildActionMask = 2147483647;
			files = (
				1B9CC77A2B2A161C00BF90B3 /* PolygonCell.xib in Resources */,
				1B36D3742C773C7100BD78E9 /* GoogleService-Info.plist in Resources */,
				1B5FEBEB2B264D2200BBB1C3 /* EditShipsViewController.xib in Resources */,
				1B5FEBE12B264A1C00BBB1C3 /* Assets.xcassets in Resources */,
				1B5FEBE22B264A1C00BBB1C3 /* LaunchScreen.storyboard in Resources */,
				1B7A91382B2786AC004C2EA5 /* Colours.xcassets in Resources */,
				1B69DB9F2C7A142700BC99AA /* SignUpViewController.xib in Resources */,
				1B5FEBE52B264A1C00BBB1C3 /* MainViewController.xib in Resources */,
				1B36D37D2C7749E500BD78E9 /* SignInViewController.xib in Resources */,
				1B5FEBF02B266F5600BBB1C3 /* GameViewController.xib in Resources */,
			);
			runOnlyForDeploymentPostprocessing = 0;
		};
/* End PBXResourcesBuildPhase section */

/* Begin PBXSourcesBuildPhase section */
		1B5FEBBC2B26497E00BBB1C3 /* Sources */ = {
			isa = PBXSourcesBuildPhase;
			buildActionMask = 2147483647;
			files = (
				1B570E522C8DD0F10098D872 /* UIView+Extensions.swift in Sources */,
				1B5FEBEF2B266F5600BBB1C3 /* GameViewController.swift in Sources */,
				1B7A91422B278DFE004C2EA5 /* BoardGenerator.swift in Sources */,
				1B5FEBEA2B264D2200BBB1C3 /* EditShipsViewController.swift in Sources */,
				1B0147BD2C84B69C0056A19E /* Codable+Extension.swift in Sources */,
				1B36D37F2C774A1100BD78E9 /* SignInViewController.swift in Sources */,
				1B7A913B2B278A6C004C2EA5 /* PolygonCell.swift in Sources */,
				1B9CC77C2B2A370900BF90B3 /* GameView.swift in Sources */,
				1B7A91402B278DD7004C2EA5 /* ShipsBuilder.swift in Sources */,
				1B7A914F2B278E5C004C2EA5 /* Array+Extension.swift in Sources */,
				1B69DBA42C7B311700BC99AA /* ErrorService.swift in Sources */,
				1B7A914B2B278E5C004C2EA5 /* Optional+Extension.swift in Sources */,
				1B5FEBE32B264A1C00BBB1C3 /* AppDelegate.swift in Sources */,
				1B7A913E2B278B28004C2EA5 /* CellModel.swift in Sources */,
				1B69DB9E2C7A142700BC99AA /* SignUpViewController.swift in Sources */,
				1B7A91362B277EFB004C2EA5 /* EditShipsView.swift in Sources */,
				1B7A91512B279650004C2EA5 /* SafeZoneBuilder.swift in Sources */,
				1B7A914E2B278E5C004C2EA5 /* IndexPath+Extension.swift in Sources */,
				1B5FEBE62B264A1C00BBB1C3 /* MainViewController.swift in Sources */,
				1B7A914C2B278E5C004C2EA5 /* Alert+Extension.swift in Sources */,
				1B570E502C8A49690098D872 /* GameProcessModels.swift in Sources */,
			);
			runOnlyForDeploymentPostprocessing = 0;
		};
/* End PBXSourcesBuildPhase section */

/* Begin PBXVariantGroup section */
		1B5FEBD92B264A1C00BBB1C3 /* LaunchScreen.storyboard */ = {
			isa = PBXVariantGroup;
			children = (
				1B5FEBDA2B264A1C00BBB1C3 /* Base */,
			);
			name = LaunchScreen.storyboard;
			sourceTree = "<group>";
		};
/* End PBXVariantGroup section */

/* Begin XCBuildConfiguration section */
		1B5FEBD22B26498100BBB1C3 /* Debug */ = {
			isa = XCBuildConfiguration;
			buildSettings = {
				ALWAYS_SEARCH_USER_PATHS = NO;
				ASSETCATALOG_COMPILER_GENERATE_SWIFT_ASSET_SYMBOL_EXTENSIONS = YES;
				CLANG_ANALYZER_NONNULL = YES;
				CLANG_ANALYZER_NUMBER_OBJECT_CONVERSION = YES_AGGRESSIVE;
				CLANG_CXX_LANGUAGE_STANDARD = "gnu++20";
				CLANG_ENABLE_MODULES = YES;
				CLANG_ENABLE_OBJC_ARC = YES;
				CLANG_ENABLE_OBJC_WEAK = YES;
				CLANG_WARN_BLOCK_CAPTURE_AUTORELEASING = YES;
				CLANG_WARN_BOOL_CONVERSION = YES;
				CLANG_WARN_COMMA = YES;
				CLANG_WARN_CONSTANT_CONVERSION = YES;
				CLANG_WARN_DEPRECATED_OBJC_IMPLEMENTATIONS = YES;
				CLANG_WARN_DIRECT_OBJC_ISA_USAGE = YES_ERROR;
				CLANG_WARN_DOCUMENTATION_COMMENTS = YES;
				CLANG_WARN_EMPTY_BODY = YES;
				CLANG_WARN_ENUM_CONVERSION = YES;
				CLANG_WARN_INFINITE_RECURSION = YES;
				CLANG_WARN_INT_CONVERSION = YES;
				CLANG_WARN_NON_LITERAL_NULL_CONVERSION = YES;
				CLANG_WARN_OBJC_IMPLICIT_RETAIN_SELF = YES;
				CLANG_WARN_OBJC_LITERAL_CONVERSION = YES;
				CLANG_WARN_OBJC_ROOT_CLASS = YES_ERROR;
				CLANG_WARN_QUOTED_INCLUDE_IN_FRAMEWORK_HEADER = YES;
				CLANG_WARN_RANGE_LOOP_ANALYSIS = YES;
				CLANG_WARN_STRICT_PROTOTYPES = YES;
				CLANG_WARN_SUSPICIOUS_MOVE = YES;
				CLANG_WARN_UNGUARDED_AVAILABILITY = YES_AGGRESSIVE;
				CLANG_WARN_UNREACHABLE_CODE = YES;
				CLANG_WARN__DUPLICATE_METHOD_MATCH = YES;
				COPY_PHASE_STRIP = NO;
				DEBUG_INFORMATION_FORMAT = dwarf;
				ENABLE_STRICT_OBJC_MSGSEND = YES;
				ENABLE_TESTABILITY = YES;
				ENABLE_USER_SCRIPT_SANDBOXING = YES;
				GCC_C_LANGUAGE_STANDARD = gnu17;
				GCC_DYNAMIC_NO_PIC = NO;
				GCC_NO_COMMON_BLOCKS = YES;
				GCC_OPTIMIZATION_LEVEL = 0;
				GCC_PREPROCESSOR_DEFINITIONS = (
					"DEBUG=1",
					"$(inherited)",
				);
				GCC_WARN_64_TO_32_BIT_CONVERSION = YES;
				GCC_WARN_ABOUT_RETURN_TYPE = YES_ERROR;
				GCC_WARN_UNDECLARED_SELECTOR = YES;
				GCC_WARN_UNINITIALIZED_AUTOS = YES_AGGRESSIVE;
				GCC_WARN_UNUSED_FUNCTION = YES;
				GCC_WARN_UNUSED_VARIABLE = YES;
				IPHONEOS_DEPLOYMENT_TARGET = 17.0;
				LOCALIZATION_PREFERS_STRING_CATALOGS = YES;
				MTL_ENABLE_DEBUG_INFO = INCLUDE_SOURCE;
				MTL_FAST_MATH = YES;
				ONLY_ACTIVE_ARCH = YES;
				SDKROOT = iphoneos;
				SWIFT_ACTIVE_COMPILATION_CONDITIONS = "DEBUG $(inherited)";
				SWIFT_OPTIMIZATION_LEVEL = "-Onone";
			};
			name = Debug;
		};
		1B5FEBD32B26498100BBB1C3 /* Release */ = {
			isa = XCBuildConfiguration;
			buildSettings = {
				ALWAYS_SEARCH_USER_PATHS = NO;
				ASSETCATALOG_COMPILER_GENERATE_SWIFT_ASSET_SYMBOL_EXTENSIONS = YES;
				CLANG_ANALYZER_NONNULL = YES;
				CLANG_ANALYZER_NUMBER_OBJECT_CONVERSION = YES_AGGRESSIVE;
				CLANG_CXX_LANGUAGE_STANDARD = "gnu++20";
				CLANG_ENABLE_MODULES = YES;
				CLANG_ENABLE_OBJC_ARC = YES;
				CLANG_ENABLE_OBJC_WEAK = YES;
				CLANG_WARN_BLOCK_CAPTURE_AUTORELEASING = YES;
				CLANG_WARN_BOOL_CONVERSION = YES;
				CLANG_WARN_COMMA = YES;
				CLANG_WARN_CONSTANT_CONVERSION = YES;
				CLANG_WARN_DEPRECATED_OBJC_IMPLEMENTATIONS = YES;
				CLANG_WARN_DIRECT_OBJC_ISA_USAGE = YES_ERROR;
				CLANG_WARN_DOCUMENTATION_COMMENTS = YES;
				CLANG_WARN_EMPTY_BODY = YES;
				CLANG_WARN_ENUM_CONVERSION = YES;
				CLANG_WARN_INFINITE_RECURSION = YES;
				CLANG_WARN_INT_CONVERSION = YES;
				CLANG_WARN_NON_LITERAL_NULL_CONVERSION = YES;
				CLANG_WARN_OBJC_IMPLICIT_RETAIN_SELF = YES;
				CLANG_WARN_OBJC_LITERAL_CONVERSION = YES;
				CLANG_WARN_OBJC_ROOT_CLASS = YES_ERROR;
				CLANG_WARN_QUOTED_INCLUDE_IN_FRAMEWORK_HEADER = YES;
				CLANG_WARN_RANGE_LOOP_ANALYSIS = YES;
				CLANG_WARN_STRICT_PROTOTYPES = YES;
				CLANG_WARN_SUSPICIOUS_MOVE = YES;
				CLANG_WARN_UNGUARDED_AVAILABILITY = YES_AGGRESSIVE;
				CLANG_WARN_UNREACHABLE_CODE = YES;
				CLANG_WARN__DUPLICATE_METHOD_MATCH = YES;
				COPY_PHASE_STRIP = NO;
				DEBUG_INFORMATION_FORMAT = "dwarf-with-dsym";
				ENABLE_NS_ASSERTIONS = NO;
				ENABLE_STRICT_OBJC_MSGSEND = YES;
				ENABLE_USER_SCRIPT_SANDBOXING = YES;
				GCC_C_LANGUAGE_STANDARD = gnu17;
				GCC_NO_COMMON_BLOCKS = YES;
				GCC_WARN_64_TO_32_BIT_CONVERSION = YES;
				GCC_WARN_ABOUT_RETURN_TYPE = YES_ERROR;
				GCC_WARN_UNDECLARED_SELECTOR = YES;
				GCC_WARN_UNINITIALIZED_AUTOS = YES_AGGRESSIVE;
				GCC_WARN_UNUSED_FUNCTION = YES;
				GCC_WARN_UNUSED_VARIABLE = YES;
				IPHONEOS_DEPLOYMENT_TARGET = 17.0;
				LOCALIZATION_PREFERS_STRING_CATALOGS = YES;
				MTL_ENABLE_DEBUG_INFO = NO;
				MTL_FAST_MATH = YES;
				SDKROOT = iphoneos;
				SWIFT_COMPILATION_MODE = wholemodule;
				VALIDATE_PRODUCT = YES;
			};
			name = Release;
		};
		1B5FEBD52B26498100BBB1C3 /* Debug */ = {
			isa = XCBuildConfiguration;
			buildSettings = {
				ASSETCATALOG_COMPILER_APPICON_NAME = AppIcon;
				ASSETCATALOG_COMPILER_GLOBAL_ACCENT_COLOR_NAME = AccentColor;
				CODE_SIGN_STYLE = Automatic;
				CURRENT_PROJECT_VERSION = 1;
				DEVELOPMENT_TEAM = QWBGS9TABN;
				GENERATE_INFOPLIST_FILE = YES;
				INFOPLIST_FILE = "Seaships Battle/Info.plist";
				INFOPLIST_KEY_UIApplicationSupportsIndirectInputEvents = YES;
				INFOPLIST_KEY_UILaunchStoryboardName = LaunchScreen.storyboard;
				INFOPLIST_KEY_UISupportedInterfaceOrientations = "UIInterfaceOrientationLandscapeLeft UIInterfaceOrientationLandscapeRight";
				INFOPLIST_KEY_UISupportedInterfaceOrientations_iPad = "UIInterfaceOrientationLandscapeLeft UIInterfaceOrientationLandscapeRight UIInterfaceOrientationPortrait UIInterfaceOrientationPortraitUpsideDown";
				LD_RUNPATH_SEARCH_PATHS = (
					"$(inherited)",
					"@executable_path/Frameworks",
				);
				MARKETING_VERSION = 1.0;
				PRODUCT_BUNDLE_IDENTIFIER = "kpi.Seaships-Battle";
				PRODUCT_NAME = "$(TARGET_NAME)";
				SUPPORTED_PLATFORMS = "iphoneos iphonesimulator";
				SUPPORTS_MACCATALYST = NO;
				SUPPORTS_MAC_DESIGNED_FOR_IPHONE_IPAD = NO;
				SUPPORTS_XR_DESIGNED_FOR_IPHONE_IPAD = NO;
				SWIFT_EMIT_LOC_STRINGS = YES;
				SWIFT_VERSION = 5.0;
				TARGETED_DEVICE_FAMILY = 1;
			};
			name = Debug;
		};
		1B5FEBD62B26498100BBB1C3 /* Release */ = {
			isa = XCBuildConfiguration;
			buildSettings = {
				ASSETCATALOG_COMPILER_APPICON_NAME = AppIcon;
				ASSETCATALOG_COMPILER_GLOBAL_ACCENT_COLOR_NAME = AccentColor;
				CODE_SIGN_STYLE = Automatic;
				CURRENT_PROJECT_VERSION = 1;
				DEVELOPMENT_TEAM = QWBGS9TABN;
				GENERATE_INFOPLIST_FILE = YES;
				INFOPLIST_FILE = "Seaships Battle/Info.plist";
				INFOPLIST_KEY_UIApplicationSupportsIndirectInputEvents = YES;
				INFOPLIST_KEY_UILaunchStoryboardName = LaunchScreen.storyboard;
				INFOPLIST_KEY_UISupportedInterfaceOrientations = "UIInterfaceOrientationLandscapeLeft UIInterfaceOrientationLandscapeRight";
				INFOPLIST_KEY_UISupportedInterfaceOrientations_iPad = "UIInterfaceOrientationLandscapeLeft UIInterfaceOrientationLandscapeRight UIInterfaceOrientationPortrait UIInterfaceOrientationPortraitUpsideDown";
				LD_RUNPATH_SEARCH_PATHS = (
					"$(inherited)",
					"@executable_path/Frameworks",
				);
				MARKETING_VERSION = 1.0;
				PRODUCT_BUNDLE_IDENTIFIER = "kpi.Seaships-Battle";
				PRODUCT_NAME = "$(TARGET_NAME)";
				SUPPORTED_PLATFORMS = "iphoneos iphonesimulator";
				SUPPORTS_MACCATALYST = NO;
				SUPPORTS_MAC_DESIGNED_FOR_IPHONE_IPAD = NO;
				SUPPORTS_XR_DESIGNED_FOR_IPHONE_IPAD = NO;
				SWIFT_EMIT_LOC_STRINGS = YES;
				SWIFT_VERSION = 5.0;
				TARGETED_DEVICE_FAMILY = 1;
			};
			name = Release;
		};
/* End XCBuildConfiguration section */

/* Begin XCConfigurationList section */
		1B5FEBBB2B26497E00BBB1C3 /* Build configuration list for PBXProject "Seaships Battle" */ = {
			isa = XCConfigurationList;
			buildConfigurations = (
				1B5FEBD22B26498100BBB1C3 /* Debug */,
				1B5FEBD32B26498100BBB1C3 /* Release */,
			);
			defaultConfigurationIsVisible = 0;
			defaultConfigurationName = Release;
		};
		1B5FEBD42B26498100BBB1C3 /* Build configuration list for PBXNativeTarget "Seaships Battle" */ = {
			isa = XCConfigurationList;
			buildConfigurations = (
				1B5FEBD52B26498100BBB1C3 /* Debug */,
				1B5FEBD62B26498100BBB1C3 /* Release */,
			);
			defaultConfigurationIsVisible = 0;
			defaultConfigurationName = Release;
		};
/* End XCConfigurationList section */

/* Begin XCRemoteSwiftPackageReference section */
		1B36D3752C773D0F00BD78E9 /* XCRemoteSwiftPackageReference "firebase-ios-sdk" */ = {
			isa = XCRemoteSwiftPackageReference;
			repositoryURL = "https://github.com/firebase/firebase-ios-sdk";
			requirement = {
				kind = upToNextMajorVersion;
				minimumVersion = 11.1.0;
			};
		};
/* End XCRemoteSwiftPackageReference section */

/* Begin XCSwiftPackageProductDependency section */
		1B0147BA2C7DF11A0056A19E /* FirebaseDatabase */ = {
			isa = XCSwiftPackageProductDependency;
			package = 1B36D3752C773D0F00BD78E9 /* XCRemoteSwiftPackageReference "firebase-ios-sdk" */;
			productName = FirebaseDatabase;
		};
		1B36D3762C773D0F00BD78E9 /* FirebaseAnalytics */ = {
			isa = XCSwiftPackageProductDependency;
			package = 1B36D3752C773D0F00BD78E9 /* XCRemoteSwiftPackageReference "firebase-ios-sdk" */;
			productName = FirebaseAnalytics;
		};
		1B36D3792C77476B00BD78E9 /* FirebaseAuth */ = {
			isa = XCSwiftPackageProductDependency;
			package = 1B36D3752C773D0F00BD78E9 /* XCRemoteSwiftPackageReference "firebase-ios-sdk" */;
			productName = FirebaseAuth;
		};
/* End XCSwiftPackageProductDependency section */
	};
	rootObject = 1B5FEBB82B26497E00BBB1C3 /* Project object */;
}
